<?xml version="1.0" encoding="utf-8"?>
<Project ToolsVersion="4.0" xmlns="http://schemas.microsoft.com/developer/msbuild/2003">
  <ItemGroup>
    <Filter Include="Source Files">
      <UniqueIdentifier>{4FC737F1-C7A5-4376-A066-2A32D752A2FF}</UniqueIdentifier>
      <Extensions>cpp;c;cc;cxx;def;odl;idl;hpj;bat;asm;asmx</Extensions>
    </Filter>
    <Filter Include="Header Files">
      <UniqueIdentifier>{93995380-89BD-4b04-88EB-625FBE52EBFB}</UniqueIdentifier>
      <Extensions>h;hh;hpp;hxx;hm;inl;inc;ipp;xsd</Extensions>
    </Filter>
    <Filter Include="Resource Files">
      <UniqueIdentifier>{67DA6AB6-F800-4c08-8B7A-83BB121AAD01}</UniqueIdentifier>
      <Extensions>rc;ico;cur;bmp;dlg;rc2;rct;bin;rgs;gif;jpg;jpeg;jpe;resx;tiff;tif;png;wav;mfcribbon-ms</Extensions>
    </Filter>
    <Filter Include="Source Files\inasm64">
      <UniqueIdentifier>{3175cb71-216f-47a4-a76b-07ec9944e64b}</UniqueIdentifier>
    </Filter>
    <Filter Include="external">
      <UniqueIdentifier>{888843c7-2f64-476e-9f0b-f316665460c2}</UniqueIdentifier>
    </Filter>
    <Filter Include="external\Ratpak">
      <UniqueIdentifier>{fe1d31e0-193d-49ab-ac2c-04c3dc0c761e}</UniqueIdentifier>
    </Filter>
  </ItemGroup>
  <ItemGroup>
    <ClCompile Include="tests.cpp">
      <Filter>Source Files</Filter>
    </ClCompile>
    <ClCompile Include="..\inasm64\assembler.cpp">
      <Filter>Source Files\inasm64</Filter>
    </ClCompile>
    <ClCompile Include="..\inasm64\cli.cpp">
      <Filter>Source Files\inasm64</Filter>
    </ClCompile>
    <ClCompile Include="..\inasm64\common.cpp">
      <Filter>Source Files\inasm64</Filter>
    </ClCompile>
    <ClCompile Include="..\inasm64\runtime.cpp">
      <Filter>Source Files\inasm64</Filter>
    </ClCompile>
    <ClCompile Include="..\inasm64\xed_assembler_driver.cpp">
      <Filter>Source Files\inasm64</Filter>
    </ClCompile>
    <ClCompile Include="..\stdafx.cpp">
      <Filter>Source Files</Filter>
    </ClCompile>
    <ClCompile Include="..\inasm64\globvars.cpp">
      <Filter>Source Files\inasm64</Filter>
    </ClCompile>
    <ClCompile Include="..\inasm64\xed_iclass_instruction_set.cpp">
      <Filter>Source Files\inasm64</Filter>
    </ClCompile>
    <ClCompile Include="..\external\Ratpack\basex.cpp">
      <Filter>external\Ratpak</Filter>
    </ClCompile>
    <ClCompile Include="..\external\Ratpack\conv.cpp">
      <Filter>external\Ratpak</Filter>
    </ClCompile>
    <ClCompile Include="..\external\Ratpack\exp.cpp">
      <Filter>external\Ratpak</Filter>
    </ClCompile>
    <ClCompile Include="..\external\Ratpack\fact.cpp">
      <Filter>external\Ratpak</Filter>
    </ClCompile>
    <ClCompile Include="..\external\Ratpack\itrans.cpp">
      <Filter>external\Ratpak</Filter>
    </ClCompile>
    <ClCompile Include="..\external\Ratpack\itransh.cpp">
      <Filter>external\Ratpak</Filter>
    </ClCompile>
    <ClCompile Include="..\external\Ratpack\logic.cpp">
      <Filter>external\Ratpak</Filter>
    </ClCompile>
    <ClCompile Include="..\external\Ratpack\num.cpp">
      <Filter>external\Ratpak</Filter>
    </ClCompile>
    <ClCompile Include="..\external\Ratpack\rat.cpp">
      <Filter>external\Ratpak</Filter>
    </ClCompile>
    <ClCompile Include="..\external\Ratpack\support.cpp">
      <Filter>external\Ratpak</Filter>
    </ClCompile>
    <ClCompile Include="..\external\Ratpack\trans.cpp">
      <Filter>external\Ratpak</Filter>
    </ClCompile>
    <ClCompile Include="..\external\Ratpack\transh.cpp">
      <Filter>external\Ratpak</Filter>
    </ClCompile>
    <ClCompile Include="..\inasm64\x64.cpp">
      <Filter>Source Files\inasm64</Filter>
    </ClCompile>
    <ClCompile Include="..\inasm64\decoder.cpp">
      <Filter>Source Files\inasm64</Filter>
    </ClCompile>
    <ClCompile Include="..\console.cpp">
      <Filter>Source Files</Filter>
    </ClCompile>
  </ItemGroup>
  <ItemGroup>
    <ClInclude Include="..\inasm64\assembler.h">
      <Filter>Source Files\inasm64</Filter>
    </ClInclude>
    <ClInclude Include="..\inasm64\cli.h">
      <Filter>Source Files\inasm64</Filter>
    </ClInclude>
    <ClInclude Include="..\inasm64\common.h">
      <Filter>Source Files\inasm64</Filter>
    </ClInclude>
    <ClInclude Include="..\inasm64\runtime.h">
      <Filter>Source Files\inasm64</Filter>
    </ClInclude>
    <ClInclude Include="..\inasm64\assembler_driver.h">
      <Filter>Source Files\inasm64</Filter>
    </ClInclude>
    <ClInclude Include="..\inasm64\xed_assembler_driver.h">
      <Filter>Source Files\inasm64</Filter>
    </ClInclude>
    <ClInclude Include="..\stdafx.h">
      <Filter>Source Files</Filter>
    </ClInclude>
    <ClInclude Include="..\inasm64\xed_iclass_instruction_set.h">
      <Filter>Source Files\inasm64</Filter>
    </ClInclude>
    <ClInclude Include="..\external\Ratpack\CalcErr.h">
      <Filter>external\Ratpak</Filter>
    </ClInclude>
    <ClInclude Include="..\external\Ratpack\ratconst.h">
      <Filter>external\Ratpak</Filter>
    </ClInclude>
    <ClInclude Include="..\external\Ratpack\ratpak.h">
      <Filter>external\Ratpak</Filter>
    </ClInclude>
  </ItemGroup>
</Project>